
Microsoft Visual Studio Solution File, Format Version 12.00
# Visual Studio 15
VisualStudioVersion = 15.0.26730.10
MinimumVisualStudioVersion = 10.0.40219.1
Project("{FAE04EC0-301F-11D3-BF4B-00C04F79EFBC}") = "ChomadProblemServer", "ChomadProblemServer\ChomadProblemServer.csproj", "{8B5B6341-8F40-439A-98D6-D5C8ECE77E93}"
EndProject
Project("{2150E333-8FDC-42A3-9474-1A3956D46DE8}") = "README", "README", "{3381BCB7-A7FB-497E-9C72-91661C7B15B8}"
	ProjectSection(SolutionItems) = preProject
		README.md = README.md
	EndProjectSection
EndProject
Global
	GlobalSection(SolutionConfigurationPlatforms) = preSolution
		Debug|Any CPU = Debug|Any CPU
		Release|Any CPU = Release|Any CPU
	EndGlobalSection
	GlobalSection(ProjectConfigurationPlatforms) = postSolution
		{8B5B6341-8F40-439A-98D6-D5C8ECE77E93}.Debug|Any CPU.ActiveCfg = Debug|Any CPU
		{8B5B6341-8F40-439A-98D6-D5C8ECE77E93}.Debug|Any CPU.Build.0 = Debug|Any CPU
		{8B5B6341-8F40-439A-98D6-D5C8ECE77E93}.Release|Any CPU.ActiveCfg = Release|Any CPU
		{8B5B6341-8F40-439A-98D6-D5C8ECE77E93}.Release|Any CPU.Build.0 = Release|Any CPU
	EndGlobalSection
	GlobalSection(SolutionProperties) = preSolution
		HideSolutionNode = FALSE
	EndGlobalSection
	GlobalSection(ExtensibilityGlobals) = postSolution
		SolutionGuid = {CDB9C401-8A45-4347-821C-A2C8C1C9252A}
	EndGlobalSection
EndGlobal
